// !$*UTF8*$!
{
	archiveVersion = 1;
	classes = {
	};
	objectVersion = 56;
	objects = {

/* Begin PBXBuildFile section */
		F29EFF082A6AB41F0025FBA1 /* AppDelegate.swift in Sources */ = {isa = PBXBuildFile; fileRef = F29EFF072A6AB41F0025FBA1 /* AppDelegate.swift */; };
		F29EFF0A2A6AB41F0025FBA1 /* SceneDelegate.swift in Sources */ = {isa = PBXBuildFile; fileRef = F29EFF092A6AB41F0025FBA1 /* SceneDelegate.swift */; };
		F29EFF0C2A6AB41F0025FBA1 /* ViewController.swift in Sources */ = {isa = PBXBuildFile; fileRef = F29EFF0B2A6AB41F0025FBA1 /* ViewController.swift */; };
		F29EFF0F2A6AB41F0025FBA1 /* Main.storyboard in Resources */ = {isa = PBXBuildFile; fileRef = F29EFF0D2A6AB41F0025FBA1 /* Main.storyboard */; };
		F29EFF112A6AB4200025FBA1 /* Assets.xcassets in Resources */ = {isa = PBXBuildFile; fileRef = F29EFF102A6AB4200025FBA1 /* Assets.xcassets */; };
		F29EFF142A6AB4200025FBA1 /* LaunchScreen.storyboard in Resources */ = {isa = PBXBuildFile; fileRef = F29EFF122A6AB4200025FBA1 /* LaunchScreen.storyboard */; };
		F29EFF1C2A6AB5A10025FBA1 /* GalleryViewController.swift in Sources */ = {isa = PBXBuildFile; fileRef = F29EFF1B2A6AB5A10025FBA1 /* GalleryViewController.swift */; };
		F29EFF1E2A6AB85A0025FBA1 /* GalleryCollectionCell.swift in Sources */ = {isa = PBXBuildFile; fileRef = F29EFF1D2A6AB85A0025FBA1 /* GalleryCollectionCell.swift */; };
		F29EFF222A6AD5D90025FBA1 /* GalleryView.swift in Sources */ = {isa = PBXBuildFile; fileRef = F29EFF212A6AD5D90025FBA1 /* GalleryView.swift */; };
		F29EFF242A6AD9780025FBA1 /* YPLibraryVC+PanGesture.swift in Sources */ = {isa = PBXBuildFile; fileRef = F29EFF232A6AD9780025FBA1 /* YPLibraryVC+PanGesture.swift */; };
/* End PBXBuildFile section */

/* Begin PBXFileReference section */
		F29EFF042A6AB41F0025FBA1 /* Gallery.app */ = {isa = PBXFileReference; explicitFileType = wrapper.application; includeInIndex = 0; path = Gallery.app; sourceTree = BUILT_PRODUCTS_DIR; };
		F29EFF072A6AB41F0025FBA1 /* AppDelegate.swift */ = {isa = PBXFileReference; lastKnownFileType = sourcecode.swift; path = AppDelegate.swift; sourceTree = "<group>"; };
		F29EFF092A6AB41F0025FBA1 /* SceneDelegate.swift */ = {isa = PBXFileReference; lastKnownFileType = sourcecode.swift; path = SceneDelegate.swift; sourceTree = "<group>"; };
		F29EFF0B2A6AB41F0025FBA1 /* ViewController.swift */ = {isa = PBXFileReference; lastKnownFileType = sourcecode.swift; path = ViewController.swift; sourceTree = "<group>"; };
		F29EFF0E2A6AB41F0025FBA1 /* Base */ = {isa = PBXFileReference; lastKnownFileType = file.storyboard; name = Base; path = Base.lproj/Main.storyboard; sourceTree = "<group>"; };
		F29EFF102A6AB4200025FBA1 /* Assets.xcassets */ = {isa = PBXFileReference; lastKnownFileType = folder.assetcatalog; path = Assets.xcassets; sourceTree = "<group>"; };
		F29EFF132A6AB4200025FBA1 /* Base */ = {isa = PBXFileReference; lastKnownFileType = file.storyboard; name = Base; path = Base.lproj/LaunchScreen.storyboard; sourceTree = "<group>"; };
		F29EFF152A6AB4200025FBA1 /* Info.plist */ = {isa = PBXFileReference; lastKnownFileType = text.plist.xml; path = Info.plist; sourceTree = "<group>"; };
		F29EFF1B2A6AB5A10025FBA1 /* GalleryViewController.swift */ = {isa = PBXFileReference; lastKnownFileType = sourcecode.swift; path = GalleryViewController.swift; sourceTree = "<group>"; };
		F29EFF1D2A6AB85A0025FBA1 /* GalleryCollectionCell.swift */ = {isa = PBXFileReference; lastKnownFileType = sourcecode.swift; path = GalleryCollectionCell.swift; sourceTree = "<group>"; };
		F29EFF212A6AD5D90025FBA1 /* GalleryView.swift */ = {isa = PBXFileReference; lastKnownFileType = sourcecode.swift; path = GalleryView.swift; sourceTree = "<group>"; };
		F29EFF232A6AD9780025FBA1 /* YPLibraryVC+PanGesture.swift */ = {isa = PBXFileReference; fileEncoding = 4; lastKnownFileType = sourcecode.swift; path = "YPLibraryVC+PanGesture.swift"; sourceTree = "<group>"; };
/* End PBXFileReference section */

/* Begin PBXFrameworksBuildPhase section */
		F29EFF012A6AB41F0025FBA1 /* Frameworks */ = {
			isa = PBXFrameworksBuildPhase;
			buildActionMask = 2147483647;
			files = (
			);
			runOnlyForDeploymentPostprocessing = 0;
		};
/* End PBXFrameworksBuildPhase section */

/* Begin PBXGroup section */
		F29EFEFB2A6AB41F0025FBA1 = {
			isa = PBXGroup;
			children = (
				F29EFF062A6AB41F0025FBA1 /* Gallery */,
				F29EFF052A6AB41F0025FBA1 /* Products */,
			);
			sourceTree = "<group>";
		};
		F29EFF052A6AB41F0025FBA1 /* Products */ = {
			isa = PBXGroup;
			children = (
				F29EFF042A6AB41F0025FBA1 /* Gallery.app */,
			);
			name = Products;
			sourceTree = "<group>";
		};
		F29EFF062A6AB41F0025FBA1 /* Gallery */ = {
			isa = PBXGroup;
			children = (
				F29EFF072A6AB41F0025FBA1 /* AppDelegate.swift */,
				F29EFF092A6AB41F0025FBA1 /* SceneDelegate.swift */,
				F29EFF0B2A6AB41F0025FBA1 /* ViewController.swift */,
				F29EFF1B2A6AB5A10025FBA1 /* GalleryViewController.swift */,
				F29EFF232A6AD9780025FBA1 /* YPLibraryVC+PanGesture.swift */,
				F29EFF0D2A6AB41F0025FBA1 /* Main.storyboard */,
				F29EFF102A6AB4200025FBA1 /* Assets.xcassets */,
				F29EFF122A6AB4200025FBA1 /* LaunchScreen.storyboard */,
				F29EFF152A6AB4200025FBA1 /* Info.plist */,
				F29EFF1D2A6AB85A0025FBA1 /* GalleryCollectionCell.swift */,
				F29EFF212A6AD5D90025FBA1 /* GalleryView.swift */,
			);
			path = Gallery;
			sourceTree = "<group>";
		};
/* End PBXGroup section */

/* Begin PBXNativeTarget section */
		F29EFF032A6AB41F0025FBA1 /* Gallery */ = {
			isa = PBXNativeTarget;
			buildConfigurationList = F29EFF182A6AB4200025FBA1 /* Build configuration list for PBXNativeTarget "Gallery" */;
			buildPhases = (
				F29EFF002A6AB41F0025FBA1 /* Sources */,
				F29EFF012A6AB41F0025FBA1 /* Frameworks */,
				F29EFF022A6AB41F0025FBA1 /* Resources */,
			);
			buildRules = (
			);
			dependencies = (
			);
			name = Gallery;
			productName = Gallery;
			productReference = F29EFF042A6AB41F0025FBA1 /* Gallery.app */;
			productType = "com.apple.product-type.application";
		};
/* End PBXNativeTarget section */

/* Begin PBXProject section */
		F29EFEFC2A6AB41F0025FBA1 /* Project object */ = {
			isa = PBXProject;
			attributes = {
				BuildIndependentTargetsInParallel = 1;
				LastSwiftUpdateCheck = 1430;
				LastUpgradeCheck = 1430;
				TargetAttributes = {
					F29EFF032A6AB41F0025FBA1 = {
						CreatedOnToolsVersion = 14.3;
					};
				};
			};
			buildConfigurationList = F29EFEFF2A6AB41F0025FBA1 /* Build configuration list for PBXProject "Gallery" */;
			compatibilityVersion = "Xcode 14.0";
			developmentRegion = en;
			hasScannedForEncodings = 0;
			knownRegions = (
				en,
				Base,
			);
			mainGroup = F29EFEFB2A6AB41F0025FBA1;
			productRefGroup = F29EFF052A6AB41F0025FBA1 /* Products */;
			projectDirPath = "";
			projectRoot = "";
			targets = (
				F29EFF032A6AB41F0025FBA1 /* Gallery */,
			);
		};
/* End PBXProject section */

/* Begin PBXResourcesBuildPhase section */
		F29EFF022A6AB41F0025FBA1 /* Resources */ = {
			isa = PBXResourcesBuildPhase;
			buildActionMask = 2147483647;
			files = (
				F29EFF142A6AB4200025FBA1 /* LaunchScreen.storyboard in Resources */,
				F29EFF112A6AB4200025FBA1 /* Assets.xcassets in Resources */,
				F29EFF0F2A6AB41F0025FBA1 /* Main.storyboard in Resources */,
			);
			runOnlyForDeploymentPostprocessing = 0;
		};
/* End PBXResourcesBuildPhase section */

/* Begin PBXSourcesBuildPhase section */
		F29EFF002A6AB41F0025FBA1 /* Sources */ = {
			isa = PBXSourcesBuildPhase;
			buildActionMask = 2147483647;
			files = (
				F29EFF0C2A6AB41F0025FBA1 /* ViewController.swift in Sources */,
				F29EFF222A6AD5D90025FBA1 /* GalleryView.swift in Sources */,
				F29EFF1E2A6AB85A0025FBA1 /* GalleryCollectionCell.swift in Sources */,
				F29EFF1C2A6AB5A10025FBA1 /* GalleryViewController.swift in Sources */,
				F29EFF082A6AB41F0025FBA1 /* AppDelegate.swift in Sources */,
				F29EFF242A6AD9780025FBA1 /* YPLibraryVC+PanGesture.swift in Sources */,
				F29EFF0A2A6AB41F0025FBA1 /* SceneDelegate.swift in Sources */,
			);
			runOnlyForDeploymentPostprocessing = 0;
		};
/* End PBXSourcesBuildPhase section */

/* Begin PBXVariantGroup section */
		F29EFF0D2A6AB41F0025FBA1 /* Main.storyboard */ = {
			isa = PBXVariantGroup;
			children = (
				F29EFF0E2A6AB41F0025FBA1 /* Base */,
			);
			name = Main.storyboard;
			sourceTree = "<group>";
		};
		F29EFF122A6AB4200025FBA1 /* LaunchScreen.storyboard */ = {
			isa = PBXVariantGroup;
			children = (
				F29EFF132A6AB4200025FBA1 /* Base */,
			);
			name = LaunchScreen.storyboard;
			sourceTree = "<group>";
		};
/* End PBXVariantGroup section */

/* Begin XCBuildConfiguration section */
		F29EFF162A6AB4200025FBA1 /* Debug */ = {
			isa = XCBuildConfiguration;
			buildSettings = {
				ALWAYS_SEARCH_USER_PATHS = NO;
				CLANG_ANALYZER_NONNULL = YES;
				CLANG_ANALYZER_NUMBER_OBJECT_CONVERSION = YES_AGGRESSIVE;
				CLANG_CXX_LANGUAGE_STANDARD = "gnu++20";
				CLANG_ENABLE_MODULES = YES;
				CLANG_ENABLE_OBJC_ARC = YES;
				CLANG_ENABLE_OBJC_WEAK = YES;
				CLANG_WARN_BLOCK_CAPTURE_AUTORELEASING = YES;
				CLANG_WARN_BOOL_CONVERSION = YES;
				CLANG_WARN_COMMA = YES;
				CLANG_WARN_CONSTANT_CONVERSION = YES;
				CLANG_WARN_DEPRECATED_OBJC_IMPLEMENTATIONS = YES;
				CLANG_WARN_DIRECT_OBJC_ISA_USAGE = YES_ERROR;
				CLANG_WARN_DOCUMENTATION_COMMENTS = YES;
				CLANG_WARN_EMPTY_BODY = YES;
				CLANG_WARN_ENUM_CONVERSION = YES;
				CLANG_WARN_INFINITE_RECURSION = YES;
				CLANG_WARN_INT_CONVERSION = YES;
				CLANG_WARN_NON_LITERAL_NULL_CONVERSION = YES;
				CLANG_WARN_OBJC_IMPLICIT_RETAIN_SELF = YES;
				CLANG_WARN_OBJC_LITERAL_CONVERSION = YES;
				CLANG_WARN_OBJC_ROOT_CLASS = YES_ERROR;
				CLANG_WARN_QUOTED_INCLUDE_IN_FRAMEWORK_HEADER = YES;
				CLANG_WARN_RANGE_LOOP_ANALYSIS = YES;
				CLANG_WARN_STRICT_PROTOTYPES = YES;
				CLANG_WARN_SUSPICIOUS_MOVE = YES;
				CLANG_WARN_UNGUARDED_AVAILABILITY = YES_AGGRESSIVE;
				CLANG_WARN_UNREACHABLE_CODE = YES;
				CLANG_WARN__DUPLICATE_METHOD_MATCH = YES;
				COPY_PHASE_STRIP = NO;
				DEBUG_INFORMATION_FORMAT = dwarf;
				ENABLE_STRICT_OBJC_MSGSEND = YES;
				ENABLE_TESTABILITY = YES;
				GCC_C_LANGUAGE_STANDARD = gnu11;
				GCC_DYNAMIC_NO_PIC = NO;
				GCC_NO_COMMON_BLOCKS = YES;
				GCC_OPTIMIZATION_LEVEL = 0;
				GCC_PREPROCESSOR_DEFINITIONS = (
					"DEBUG=1",
					"$(inherited)",
				);
				GCC_WARN_64_TO_32_BIT_CONVERSION = YES;
				GCC_WARN_ABOUT_RETURN_TYPE = YES_ERROR;
				GCC_WARN_UNDECLARED_SELECTOR = YES;
				GCC_WARN_UNINITIALIZED_AUTOS = YES_AGGRESSIVE;
				GCC_WARN_UNUSED_FUNCTION = YES;
				GCC_WARN_UNUSED_VARIABLE = YES;
				IPHONEOS_DEPLOYMENT_TARGET = 16.4;
				MTL_ENABLE_DEBUG_INFO = INCLUDE_SOURCE;
				MTL_FAST_MATH = YES;
				ONLY_ACTIVE_ARCH = YES;
				SDKROOT = iphoneos;
				SWIFT_ACTIVE_COMPILATION_CONDITIONS = DEBUG;
				SWIFT_OPTIMIZATION_LEVEL = "-Onone";
			};
			name = Debug;
		};
		F29EFF172A6AB4200025FBA1 /* Release */ = {
			isa = XCBuildConfiguration;
			buildSettings = {
				ALWAYS_SEARCH_USER_PATHS = NO;
				CLANG_ANALYZER_NONNULL = YES;
				CLANG_ANALYZER_NUMBER_OBJECT_CONVERSION = YES_AGGRESSIVE;
				CLANG_CXX_LANGUAGE_STANDARD = "gnu++20";
				CLANG_ENABLE_MODULES = YES;
				CLANG_ENABLE_OBJC_ARC = YES;
				CLANG_ENABLE_OBJC_WEAK = YES;
				CLANG_WARN_BLOCK_CAPTURE_AUTORELEASING = YES;
				CLANG_WARN_BOOL_CONVERSION = YES;
				CLANG_WARN_COMMA = YES;
				CLANG_WARN_CONSTANT_CONVERSION = YES;
				CLANG_WARN_DEPRECATED_OBJC_IMPLEMENTATIONS = YES;
				CLANG_WARN_DIRECT_OBJC_ISA_USAGE = YES_ERROR;
				CLANG_WARN_DOCUMENTATION_COMMENTS = YES;
				CLANG_WARN_EMPTY_BODY = YES;
				CLANG_WARN_ENUM_CONVERSION = YES;
				CLANG_WARN_INFINITE_RECURSION = YES;
				CLANG_WARN_INT_CONVERSION = YES;
				CLANG_WARN_NON_LITERAL_NULL_CONVERSION = YES;
				CLANG_WARN_OBJC_IMPLICIT_RETAIN_SELF = YES;
				CLANG_WARN_OBJC_LITERAL_CONVERSION = YES;
				CLANG_WARN_OBJC_ROOT_CLASS = YES_ERROR;
				CLANG_WARN_QUOTED_INCLUDE_IN_FRAMEWORK_HEADER = YES;
				CLANG_WARN_RANGE_LOOP_ANALYSIS = YES;
				CLANG_WARN_STRICT_PROTOTYPES = YES;
				CLANG_WARN_SUSPICIOUS_MOVE = YES;
				CLANG_WARN_UNGUARDED_AVAILABILITY = YES_AGGRESSIVE;
				CLANG_WARN_UNREACHABLE_CODE = YES;
				CLANG_WARN__DUPLICATE_METHOD_MATCH = YES;
				COPY_PHASE_STRIP = NO;
				DEBUG_INFORMATION_FORMAT = "dwarf-with-dsym";
				ENABLE_NS_ASSERTIONS = NO;
				ENABLE_STRICT_OBJC_MSGSEND = YES;
				GCC_C_LANGUAGE_STANDARD = gnu11;
				GCC_NO_COMMON_BLOCKS = YES;
				GCC_WARN_64_TO_32_BIT_CONVERSION = YES;
				GCC_WARN_ABOUT_RETURN_TYPE = YES_ERROR;
				GCC_WARN_UNDECLARED_SELECTOR = YES;
				GCC_WARN_UNINITIALIZED_AUTOS = YES_AGGRESSIVE;
				GCC_WARN_UNUSED_FUNCTION = YES;
				GCC_WARN_UNUSED_VARIABLE = YES;
				IPHONEOS_DEPLOYMENT_TARGET = 16.4;
				MTL_ENABLE_DEBUG_INFO = NO;
				MTL_FAST_MATH = YES;
				SDKROOT = iphoneos;
				SWIFT_COMPILATION_MODE = wholemodule;
				SWIFT_OPTIMIZATION_LEVEL = "-O";
				VALIDATE_PRODUCT = YES;
			};
			name = Release;
		};
		F29EFF192A6AB4200025FBA1 /* Debug */ = {
			isa = XCBuildConfiguration;
			buildSettings = {
				ASSETCATALOG_COMPILER_APPICON_NAME = AppIcon;
				ASSETCATALOG_COMPILER_GLOBAL_ACCENT_COLOR_NAME = AccentColor;
				CODE_SIGN_STYLE = Automatic;
				CURRENT_PROJECT_VERSION = 1;
				GENERATE_INFOPLIST_FILE = YES;
				INFOPLIST_FILE = Gallery/Info.plist;
				INFOPLIST_KEY_UIApplicationSupportsIndirectInputEvents = YES;
				INFOPLIST_KEY_UILaunchStoryboardName = LaunchScreen;
				INFOPLIST_KEY_UIMainStoryboardFile = Main;
				INFOPLIST_KEY_UISupportedInterfaceOrientations_iPad = "UIInterfaceOrientationPortrait UIInterfaceOrientationPortraitUpsideDown UIInterfaceOrientationLandscapeLeft UIInterfaceOrientationLandscapeRight";
				INFOPLIST_KEY_UISupportedInterfaceOrientations_iPhone = "UIInterfaceOrientationPortrait UIInterfaceOrientationLandscapeLeft UIInterfaceOrientationLandscapeRight";
				LD_RUNPATH_SEARCH_PATHS = (
					"$(inherited)",
					"@executable_path/Frameworks",
				);
				MARKETING_VERSION = 1.0;
				PRODUCT_BUNDLE_IDENTIFIER = com.elite.Gallery;
				PRODUCT_NAME = "$(TARGET_NAME)";
				SWIFT_EMIT_LOC_STRINGS = YES;
				SWIFT_VERSION = 5.0;
				TARGETED_DEVICE_FAMILY = "1,2";
			};
			name = Debug;
		};
		F29EFF1A2A6AB4200025FBA1 /* Release */ = {
			isa = XCBuildConfiguration;
			buildSettings = {
				ASSETCATALOG_COMPILER_APPICON_NAME = AppIcon;
				ASSETCATALOG_COMPILER_GLOBAL_ACCENT_COLOR_NAME = AccentColor;
				CODE_SIGN_STYLE = Automatic;
				CURRENT_PROJECT_VERSION = 1;
				GENERATE_INFOPLIST_FILE = YES;
				INFOPLIST_FILE = Gallery/Info.plist;
				INFOPLIST_KEY_UIApplicationSupportsIndirectInputEvents = YES;
				INFOPLIST_KEY_UILaunchStoryboardName = LaunchScreen;
				INFOPLIST_KEY_UIMainStoryboardFile = Main;
				INFOPLIST_KEY_UISupportedInterfaceOrientations_iPad = "UIInterfaceOrientationPortrait UIInterfaceOrientationPortraitUpsideDown UIInterfaceOrientationLandscapeLeft UIInterfaceOrientationLandscapeRight";
				INFOPLIST_KEY_UISupportedInterfaceOrientations_iPhone = "UIInterfaceOrientationPortrait UIInterfaceOrientationLandscapeLeft UIInterfaceOrientationLandscapeRight";
				LD_RUNPATH_SEARCH_PATHS = (
					"$(inherited)",
					"@executable_path/Frameworks",
				);
				MARKETING_VERSION = 1.0;
				PRODUCT_BUNDLE_IDENTIFIER = com.elite.Gallery;
				PRODUCT_NAME = "$(TARGET_NAME)";
				SWIFT_EMIT_LOC_STRINGS = YES;
				SWIFT_VERSION = 5.0;
				TARGETED_DEVICE_FAMILY = "1,2";
			};
			name = Release;
		};
/* End XCBuildConfiguration section */

/* Begin XCConfigurationList section */
		F29EFEFF2A6AB41F0025FBA1 /* Build configuration list for PBXProject "Gallery" */ = {
			isa = XCConfigurationList;
			buildConfigurations = (
				F29EFF162A6AB4200025FBA1 /* Debug */,
				F29EFF172A6AB4200025FBA1 /* Release */,
			);
			defaultConfigurationIsVisible = 0;
			defaultConfigurationName = Release;
		};
		F29EFF182A6AB4200025FBA1 /* Build configuration list for PBXNativeTarget "Gallery" */ = {
			isa = XCConfigurationList;
			buildConfigurations = (
				F29EFF192A6AB4200025FBA1 /* Debug */,
				F29EFF1A2A6AB4200025FBA1 /* Release */,
			);
			defaultConfigurationIsVisible = 0;
			defaultConfigurationName = Release;
		};
/* End XCConfigurationList section */
	};
	rootObject = F29EFEFC2A6AB41F0025FBA1 /* Project object */;
}
